
Microsoft Visual Studio Solution File, Format Version 12.00
# Visual Studio Version 17
VisualStudioVersion = 17.1.32407.343
MinimumVisualStudioVersion = 10.0.40219.1
Project("{FAE04EC0-301F-11D3-BF4B-00C04F79EFBC}") = "Grip", "Grip\Grip.csproj", "{B4A1E53C-D69E-468E-AB13-A06228A043FA}"
EndProject
Global
	GlobalSection(SolutionConfigurationPlatforms) = preSolution
		Debug|Any CPU = Debug|Any CPU
		Release|Any CPU = Release|Any CPU
	EndGlobalSection
	GlobalSection(ProjectConfigurationPlatforms) = postSolution
		{B4A1E53C-D69E-468E-AB13-A06228A043FA}.Debug|Any CPU.ActiveCfg = Debug|Any CPU
		{B4A1E53C-D69E-468E-AB13-A06228A043FA}.Debug|Any CPU.Build.0 = Debug|Any CPU
		{B4A1E53C-D69E-468E-AB13-A06228A043FA}.Release|Any CPU.ActiveCfg = Release|Any CPU
		{B4A1E53C-D69E-468E-AB13-A06228A043FA}.Release|Any CPU.Build.0 = Release|Any CPU
	EndGlobalSection
	GlobalSection(SolutionProperties) = preSolution
		HideSolutionNode = FALSE
	EndGlobalSection
	GlobalSection(ExtensibilityGlobals) = postSolution
		SolutionGuid = {B7DA5BBC-49B9-496C-A3E0-9B84D09B2931}
	EndGlobalSection
EndGlobal
